// !$*UTF8*$!
{
	archiveVersion = 1;
	classes = {
	};
	objectVersion = 46;
	objects = {

/* Begin PBXBuildFile section */
		3B08CC751F64FF2300B2FFAD /* Copy.png in Resources */ = {isa = PBXBuildFile; fileRef = 3B08CC741F64FF2300B2FFAD /* Copy.png */; };
		3B08CC771F6500DB00B2FFAD /* LAL.png in Resources */ = {isa = PBXBuildFile; fileRef = 3B08CC761F6500DB00B2FFAD /* LAL.png */; };
		3B19C6E41F6E781600E6C8B1 /* ターゲット2.png in Resources */ = {isa = PBXBuildFile; fileRef = 3B19C6C61F6E781600E6C8B1 /* ターゲット2.png */; };
		3B19C6E51F6E781600E6C8B1 /* ターゲット3.png in Resources */ = {isa = PBXBuildFile; fileRef = 3B19C6C71F6E781600E6C8B1 /* ターゲット3.png */; };
		3B19C6E61F6E781600E6C8B1 /* 思い出し1.png in Resources */ = {isa = PBXBuildFile; fileRef = 3B19C6C81F6E781600E6C8B1 /* 思い出し1.png */; };
		3B19C6E71F6E781600E6C8B1 /* 禁止3.png in Resources */ = {isa = PBXBuildFile; fileRef = 3B19C6C91F6E781600E6C8B1 /* 禁止3.png */; };
		3B19C6E81F6E781600E6C8B1 /* OK2.png in Resources */ = {isa = PBXBuildFile; fileRef = 3B19C6CA1F6E781600E6C8B1 /* OK2.png */; };
		3B19C6E91F6E781600E6C8B1 /* 思い出し2.png in Resources */ = {isa = PBXBuildFile; fileRef = 3B19C6CB1F6E781600E6C8B1 /* 思い出し2.png */; };
		3B19C6EA1F6E781600E6C8B1 /* 音符2.png in Resources */ = {isa = PBXBuildFile; fileRef = 3B19C6CC1F6E781600E6C8B1 /* 音符2.png */; };
		3B19C6EB1F6E781600E6C8B1 /* 音符3.png in Resources */ = {isa = PBXBuildFile; fileRef = 3B19C6CD1F6E781600E6C8B1 /* 音符3.png */; };
		3B19C6EC1F6E781600E6C8B1 /* 音符4.png in Resources */ = {isa = PBXBuildFile; fileRef = 3B19C6CE1F6E781600E6C8B1 /* 音符4.png */; };
		3B19C6ED1F6E781600E6C8B1 /* はさみ1.png in Resources */ = {isa = PBXBuildFile; fileRef = 3B19C6CF1F6E781600E6C8B1 /* はさみ1.png */; };
		3B19C6EE1F6E781600E6C8B1 /* メールボックス3.png in Resources */ = {isa = PBXBuildFile; fileRef = 3B19C6D01F6E781600E6C8B1 /* メールボックス3.png */; };
		3B19C6EF1F6E781600E6C8B1 /* メールボックス4.png in Resources */ = {isa = PBXBuildFile; fileRef = 3B19C6D11F6E781600E6C8B1 /* メールボックス4.png */; };
		3B19C6F01F6E781600E6C8B1 /* リサイクルしよう.png in Resources */ = {isa = PBXBuildFile; fileRef = 3B19C6D21F6E781600E6C8B1 /* リサイクルしよう.png */; };
		3B19C6F11F6E781600E6C8B1 /* 音符5.png in Resources */ = {isa = PBXBuildFile; fileRef = 3B19C6D31F6E781600E6C8B1 /* 音符5.png */; };
		3B19C6F21F6E781600E6C8B1 /* カーソル1.png in Resources */ = {isa = PBXBuildFile; fileRef = 3B19C6D41F6E781600E6C8B1 /* カーソル1.png */; };
		3B19C6F31F6E781600E6C8B1 /* カーソル2.png in Resources */ = {isa = PBXBuildFile; fileRef = 3B19C6D51F6E781600E6C8B1 /* カーソル2.png */; };
		3B19C6F41F6E781600E6C8B1 /* 傘1.png in Resources */ = {isa = PBXBuildFile; fileRef = 3B19C6D61F6E781600E6C8B1 /* 傘1.png */; };
		3B19C6F51F6E781600E6C8B1 /* 傘2.png in Resources */ = {isa = PBXBuildFile; fileRef = 3B19C6D71F6E781600E6C8B1 /* 傘2.png */; };
		3B19C6F61F6E781600E6C8B1 /* 傘3.png in Resources */ = {isa = PBXBuildFile; fileRef = 3B19C6D81F6E781600E6C8B1 /* 傘3.png */; };
		3B19C6F71F6E781600E6C8B1 /* 傘4.png in Resources */ = {isa = PBXBuildFile; fileRef = 3B19C6D91F6E781600E6C8B1 /* 傘4.png */; };
		3B19C6F81F6E781600E6C8B1 /* OK21.png in Resources */ = {isa = PBXBuildFile; fileRef = 3B19C6DA1F6E781600E6C8B1 /* OK21.png */; };
		3B19C6F91F6E781600E6C8B1 /* カーソル3.png in Resources */ = {isa = PBXBuildFile; fileRef = 3B19C6DB1F6E781600E6C8B1 /* カーソル3.png */; };
		3B19C6FA1F6E781600E6C8B1 /* はさみ2.png in Resources */ = {isa = PBXBuildFile; fileRef = 3B19C6DC1F6E781600E6C8B1 /* はさみ2.png */; };
		3B19C6FB1F6E781600E6C8B1 /* メールボックス1.png in Resources */ = {isa = PBXBuildFile; fileRef = 3B19C6DD1F6E781600E6C8B1 /* メールボックス1.png */; };
		3B19C6FC1F6E781600E6C8B1 /* 禁止1.png in Resources */ = {isa = PBXBuildFile; fileRef = 3B19C6DE1F6E781600E6C8B1 /* 禁止1.png */; };
		3B19C6FD1F6E781600E6C8B1 /* OK3.png in Resources */ = {isa = PBXBuildFile; fileRef = 3B19C6DF1F6E781600E6C8B1 /* OK3.png */; };
		3B19C6FE1F6E781600E6C8B1 /* ターゲット1.png in Resources */ = {isa = PBXBuildFile; fileRef = 3B19C6E01F6E781600E6C8B1 /* ターゲット1.png */; };
		3B19C6FF1F6E781600E6C8B1 /* メールボックス2.png in Resources */ = {isa = PBXBuildFile; fileRef = 3B19C6E11F6E781600E6C8B1 /* メールボックス2.png */; };
		3B19C7001F6E781600E6C8B1 /* 音符1.png in Resources */ = {isa = PBXBuildFile; fileRef = 3B19C6E21F6E781600E6C8B1 /* 音符1.png */; };
		3B19C7011F6E781600E6C8B1 /* 禁止2.png in Resources */ = {isa = PBXBuildFile; fileRef = 3B19C6E31F6E781600E6C8B1 /* 禁止2.png */; };
		3B19C7031F6E829200E6C8B1 /* Fill.png in Resources */ = {isa = PBXBuildFile; fileRef = 3B19C7021F6E829200E6C8B1 /* Fill.png */; };
		3B1EA2401F6DD6CA0076A832 /* StampViewController.swift in Sources */ = {isa = PBXBuildFile; fileRef = 3B1EA23F1F6DD6CA0076A832 /* StampViewController.swift */; };
		3B1EA2421F6DFD700076A832 /* StampTeste.swift in Sources */ = {isa = PBXBuildFile; fileRef = 3B1EA2411F6DFD700076A832 /* StampTeste.swift */; };
		3B22C6B51F0A38E0009FADAC /* ガラパゴス.jpg in Resources */ = {isa = PBXBuildFile; fileRef = 3B22C69F1F0A38DF009FADAC /* ガラパゴス.jpg */; };
		3B22C6B61F0A38E0009FADAC /* セピア.jpg in Resources */ = {isa = PBXBuildFile; fileRef = 3B22C6A01F0A38DF009FADAC /* セピア.jpg */; };
		3B22C6B71F0A38E0009FADAC /* ピンク色.jpg in Resources */ = {isa = PBXBuildFile; fileRef = 3B22C6A11F0A38DF009FADAC /* ピンク色.jpg */; };
		3B22C6B81F0A38E0009FADAC /* ブラー.jpg in Resources */ = {isa = PBXBuildFile; fileRef = 3B22C6A21F0A38DF009FADAC /* ブラー.jpg */; };
		3B22C6B91F0A38E0009FADAC /* 暗い.jpg in Resources */ = {isa = PBXBuildFile; fileRef = 3B22C6A31F0A38DF009FADAC /* 暗い.jpg */; };
		3B22C6BA1F0A38E0009FADAC /* 液晶破損.jpg in Resources */ = {isa = PBXBuildFile; fileRef = 3B22C6A41F0A38DF009FADAC /* 液晶破損.jpg */; };
		3B22C6BB1F0A38E0009FADAC /* 黄金.jpg in Resources */ = {isa = PBXBuildFile; fileRef = 3B22C6A51F0A38DF009FADAC /* 黄金.jpg */; };
		3B22C6BC1F0A38E0009FADAC /* 黄緑色.jpg in Resources */ = {isa = PBXBuildFile; fileRef = 3B22C6A61F0A38DF009FADAC /* 黄緑色.jpg */; };
		3B22C6BD1F0A38E0009FADAC /* 偽色.jpg in Resources */ = {isa = PBXBuildFile; fileRef = 3B22C6A71F0A38DF009FADAC /* 偽色.jpg */; };
		3B22C6BE1F0A38E0009FADAC /* 幻覚.jpg in Resources */ = {isa = PBXBuildFile; fileRef = 3B22C6A81F0A38DF009FADAC /* 幻覚.jpg */; };
		3B22C6BF1F0A38E0009FADAC /* 暑い場所.jpg in Resources */ = {isa = PBXBuildFile; fileRef = 3B22C6A91F0A38DF009FADAC /* 暑い場所.jpg */; };
		3B22C6C01F0A38E0009FADAC /* 色彩増加.jpg in Resources */ = {isa = PBXBuildFile; fileRef = 3B22C6AA1F0A38DF009FADAC /* 色彩増加.jpg */; };
		3B22C6C11F0A38E0009FADAC /* 新聞画像.jpg in Resources */ = {isa = PBXBuildFile; fileRef = 3B22C6AB1F0A38DF009FADAC /* 新聞画像.jpg */; };
		3B22C6C21F0A38E0009FADAC /* 真っ赤な絵.jpg in Resources */ = {isa = PBXBuildFile; fileRef = 3B22C6AC1F0A38DF009FADAC /* 真っ赤な絵.jpg */; };
		3B22C6C31F0A38E0009FADAC /* 青色.jpg in Resources */ = {isa = PBXBuildFile; fileRef = 3B22C6AD1F0A38DF009FADAC /* 青色.jpg */; };
		3B22C6C41F0A38E0009FADAC /* 赤色.jpg in Resources */ = {isa = PBXBuildFile; fileRef = 3B22C6AE1F0A38DF009FADAC /* 赤色.jpg */; };
		3B22C6C51F0A38E0009FADAC /* 素朴.jpg in Resources */ = {isa = PBXBuildFile; fileRef = 3B22C6AF1F0A38DF009FADAC /* 素朴.jpg */; };
		3B22C6C61F0A38E0009FADAC /* 白黒.jpg in Resources */ = {isa = PBXBuildFile; fileRef = 3B22C6B01F0A38DF009FADAC /* 白黒.jpg */; };
		3B22C6C71F0A38E0009FADAC /* 白黒反転.jpg in Resources */ = {isa = PBXBuildFile; fileRef = 3B22C6B11F0A38DF009FADAC /* 白黒反転.jpg */; };
		3B22C6C81F0A38E0009FADAC /* 反転.jpg in Resources */ = {isa = PBXBuildFile; fileRef = 3B22C6B21F0A38DF009FADAC /* 反転.jpg */; };
		3B22C6C91F0A38E0009FADAC /* 明るい.jpg in Resources */ = {isa = PBXBuildFile; fileRef = 3B22C6B31F0A38DF009FADAC /* 明るい.jpg */; };
		3B22C6CA1F0A38E0009FADAC /* 緑反転.jpg in Resources */ = {isa = PBXBuildFile; fileRef = 3B22C6B41F0A38DF009FADAC /* 緑反転.jpg */; };
		3B2AC0921EDA994E00B8E10B /* hatena.png in Resources */ = {isa = PBXBuildFile; fileRef = 3B2AC08A1EDA994E00B8E10B /* hatena.png */; };
		3B2AC0931EDA994E00B8E10B /* hibi.png in Resources */ = {isa = PBXBuildFile; fileRef = 3B2AC08B1EDA994E00B8E10B /* hibi.png */; };
		3B2AC0941EDA994E00B8E10B /* honou.png in Resources */ = {isa = PBXBuildFile; fileRef = 3B2AC08C1EDA994E00B8E10B /* honou.png */; };
		3B2AC0951EDA994E00B8E10B /* kemuri.png in Resources */ = {isa = PBXBuildFile; fileRef = 3B2AC08D1EDA994E00B8E10B /* kemuri.png */; };
		3B2AC0961EDA994E00B8E10B /* KIS.png in Resources */ = {isa = PBXBuildFile; fileRef = 3B2AC08E1EDA994E00B8E10B /* KIS.png */; };
		3B2AC0971EDA994E00B8E10B /* キラキラ.png in Resources */ = {isa = PBXBuildFile; fileRef = 3B2AC08F1EDA994E00B8E10B /* キラキラ.png */; };
		3B2AC0981EDA994E00B8E10B /* ビックリマーク.png in Resources */ = {isa = PBXBuildFile; fileRef = 3B2AC0901EDA994E00B8E10B /* ビックリマーク.png */; };
		3B2AC0991EDA994E00B8E10B /* 電球.png in Resources */ = {isa = PBXBuildFile; fileRef = 3B2AC0911EDA994E00B8E10B /* 電球.png */; };
		3B2AC09B1EDA996C00B8E10B /* ブラックスクリーン.png in Resources */ = {isa = PBXBuildFile; fileRef = 3B2AC09A1EDA996C00B8E10B /* ブラックスクリーン.png */; };
		3B36E3211F248417008F8DA6 /* ImagePicture.png in Resources */ = {isa = PBXBuildFile; fileRef = 3B36E3201F248417008F8DA6 /* ImagePicture.png */; };
		3B47C26E1EFFA5E10072EC4D /* CityViewController.swift in Sources */ = {isa = PBXBuildFile; fileRef = 3B47C26D1EFFA5E10072EC4D /* CityViewController.swift */; };
		3B47C2701EFFABC60072EC4D /* rainbow.png in Resources */ = {isa = PBXBuildFile; fileRef = 3B47C26F1EFFABC60072EC4D /* rainbow.png */; };
		3B48D3701F0A3B4800528087 /* gaggagagag.png in Resources */ = {isa = PBXBuildFile; fileRef = 3B48D36F1F0A3B4800528087 /* gaggagagag.png */; };
		3B48D3761F0A3E9E00528087 /* Yazirusi.png in Resources */ = {isa = PBXBuildFile; fileRef = 3B48D3721F0A3E9E00528087 /* Yazirusi.png */; };
		3B48D3781F0A3E9E00528087 /* hukidasi.png in Resources */ = {isa = PBXBuildFile; fileRef = 3B48D3741F0A3E9E00528087 /* hukidasi.png */; };
		3B4EE8E31EE2969E00AE42B1 /* 頭悪い.png in Resources */ = {isa = PBXBuildFile; fileRef = 3B4EE8E11EE2969E00AE42B1 /* 頭悪い.png */; };
		3B4EE8E41EE2969E00AE42B1 /* 雷.png in Resources */ = {isa = PBXBuildFile; fileRef = 3B4EE8E21EE2969E00AE42B1 /* 雷.png */; };
		3B6FC34D1ED8126D00F37963 /* AppDelegate.swift in Sources */ = {isa = PBXBuildFile; fileRef = 3B6FC34C1ED8126D00F37963 /* AppDelegate.swift */; };
		3B6FC34F1ED8126D00F37963 /* ViewController.swift in Sources */ = {isa = PBXBuildFile; fileRef = 3B6FC34E1ED8126D00F37963 /* ViewController.swift */; };
		3B6FC3521ED8126D00F37963 /* Main.storyboard in Resources */ = {isa = PBXBuildFile; fileRef = 3B6FC3501ED8126D00F37963 /* Main.storyboard */; };
		3B6FC3541ED8126E00F37963 /* Assets.xcassets in Resources */ = {isa = PBXBuildFile; fileRef = 3B6FC3531ED8126E00F37963 /* Assets.xcassets */; };
		3B6FC3571ED8126E00F37963 /* LaunchScreen.storyboard in Resources */ = {isa = PBXBuildFile; fileRef = 3B6FC3551ED8126E00F37963 /* LaunchScreen.storyboard */; };
		3B6FC3621ED8126E00F37963 /* PhotoXFTests.swift in Sources */ = {isa = PBXBuildFile; fileRef = 3B6FC3611ED8126E00F37963 /* PhotoXFTests.swift */; };
		3B6FC36D1ED8126E00F37963 /* PhotoXFUITests.swift in Sources */ = {isa = PBXBuildFile; fileRef = 3B6FC36C1ED8126E00F37963 /* PhotoXFUITests.swift */; };
		3B7A611B1F6E2A720005A78A /* 立ち入り禁止.png in Resources */ = {isa = PBXBuildFile; fileRef = 3B7A61161F6E2A720005A78A /* 立ち入り禁止.png */; };
		3B7A611C1F6E2A720005A78A /* ハート1.png in Resources */ = {isa = PBXBuildFile; fileRef = 3B7A61171F6E2A720005A78A /* ハート1.png */; };
		3B7A611D1F6E2A720005A78A /* 時計.png in Resources */ = {isa = PBXBuildFile; fileRef = 3B7A61181F6E2A720005A78A /* 時計.png */; };
		3B7A611E1F6E2A720005A78A /* ハート2.png in Resources */ = {isa = PBXBuildFile; fileRef = 3B7A61191F6E2A720005A78A /* ハート2.png */; };
		3B7A611F1F6E2A720005A78A /* 星二つ.png in Resources */ = {isa = PBXBuildFile; fileRef = 3B7A611A1F6E2A720005A78A /* 星二つ.png */; };
		3B7D5E631F5A8B38006779FD /* AKASViewController.swift in Sources */ = {isa = PBXBuildFile; fileRef = 3B7D5E621F5A8B38006779FD /* AKASViewController.swift */; };
		3B8746F01F6D5EB300BEC9BF /* DNS.png in Resources */ = {isa = PBXBuildFile; fileRef = 3B8746EF1F6D5EB300BEC9BF /* DNS.png */; };
		3B8746F21F6D628D00BEC9BF /* NewViewController.swift in Sources */ = {isa = PBXBuildFile; fileRef = 3B8746F11F6D628D00BEC9BF /* NewViewController.swift */; };
		3B99BB6B1F6E889800F791D4 /* StartedViewController.swift in Sources */ = {isa = PBXBuildFile; fileRef = 3B99BB6A1F6E889800F791D4 /* StartedViewController.swift */; };
		3B9F559A1EE26AA200D3B9A0 /* IMGA0004.png in Resources */ = {isa = PBXBuildFile; fileRef = 3B9F55991EE26AA200D3B9A0 /* IMGA0004.png */; };
		3BBA187B1EDA953600500632 /* Button_ViewController.swift in Sources */ = {isa = PBXBuildFile; fileRef = 3BBA187A1EDA953600500632 /* Button_ViewController.swift */; };
		3BBACB8E1F488247004468B5 /* icon.png in Resources */ = {isa = PBXBuildFile; fileRef = 3BBACB8D1F488247004468B5 /* icon.png */; };
		3BC388A91F0CDC77006C782C /* kibana.png in Resources */ = {isa = PBXBuildFile; fileRef = 3BC388A81F0CDC77006C782C /* kibana.png */; };
		3BC388AD1F0CDC80006C782C /* 星一つ.png in Resources */ = {isa = PBXBuildFile; fileRef = 3BC388AA1F0CDC80006C782C /* 星一つ.png */; };
		3BC39B731F64E53E00A9C8B0 /* SKViewController.swift in Sources */ = {isa = PBXBuildFile; fileRef = 3BC39B721F64E53E00A9C8B0 /* SKViewController.swift */; };
		3BC39B751F64EAF900A9C8B0 /* 1179.png in Resources */ = {isa = PBXBuildFile; fileRef = 3BC39B741F64EAF900A9C8B0 /* 1179.png */; };
		3BCEAE391F6504920061C526 /* images.png in Resources */ = {isa = PBXBuildFile; fileRef = 3BCEAE381F6504920061C526 /* images.png */; };
		3BCEAE3B1F6506600061C526 /* c7f06ee3.png in Resources */ = {isa = PBXBuildFile; fileRef = 3BCEAE3A1F6506600061C526 /* c7f06ee3.png */; };
		3BCEAE3D1F650AB00061C526 /* aajs.png in Resources */ = {isa = PBXBuildFile; fileRef = 3BCEAE3C1F650AB00061C526 /* aajs.png */; };
		3BCEAE3F1F650E250061C526 /* CamSD.png in Resources */ = {isa = PBXBuildFile; fileRef = 3BCEAE3E1F650E250061C526 /* CamSD.png */; };
		3BDBFEF01F6F59BD00F92898 /* 水泳1.png in Resources */ = {isa = PBXBuildFile; fileRef = 3BDBFED71F6F59BD00F92898 /* 水泳1.png */; };
		3BDBFEF11F6F59BD00F92898 /* 水泳2.png in Resources */ = {isa = PBXBuildFile; fileRef = 3BDBFED81F6F59BD00F92898 /* 水泳2.png */; };
		3BDBFEF21F6F59BD00F92898 /* 地球3.png in Resources */ = {isa = PBXBuildFile; fileRef = 3BDBFED91F6F59BD00F92898 /* 地球3.png */; };
		3BDBFEF31F6F59BD00F92898 /* 地球4.png in Resources */ = {isa = PBXBuildFile; fileRef = 3BDBFEDA1F6F59BD00F92898 /* 地球4.png */; };
		3BDBFEF41F6F59BD00F92898 /* Camera.png in Resources */ = {isa = PBXBuildFile; fileRef = 3BDBFEDB1F6F59BD00F92898 /* Camera.png */; };
		3BDBFEF51F6F59BD00F92898 /* 水泳3.png in Resources */ = {isa = PBXBuildFile; fileRef = 3BDBFEDC1F6F59BD00F92898 /* 水泳3.png */; };
		3BDBFEF61F6F59BD00F92898 /* フィルム1.png in Resources */ = {isa = PBXBuildFile; fileRef = 3BDBFEDD1F6F59BD00F92898 /* フィルム1.png */; };
		3BDBFEF71F6F59BD00F92898 /* 人3.png in Resources */ = {isa = PBXBuildFile; fileRef = 3BDBFEDE1F6F59BD00F92898 /* 人3.png */; };
		3BDBFEF81F6F59BD00F92898 /* 人4.png in Resources */ = {isa = PBXBuildFile; fileRef = 3BDBFEDF1F6F59BD00F92898 /* 人4.png */; };
		3BDBFEF91F6F59BD00F92898 /* 人5.png in Resources */ = {isa = PBXBuildFile; fileRef = 3BDBFEE01F6F59BD00F92898 /* 人5.png */; };
		3BDBFEFA1F6F59BD00F92898 /* 人6.png in Resources */ = {isa = PBXBuildFile; fileRef = 3BDBFEE11F6F59BD00F92898 /* 人6.png */; };
		3BDBFEFB1F6F59BD00F92898 /* 地球1.png in Resources */ = {isa = PBXBuildFile; fileRef = 3BDBFEE21F6F59BD00F92898 /* 地球1.png */; };
		3BDBFEFC1F6F59BD00F92898 /* フィルム2.png in Resources */ = {isa = PBXBuildFile; fileRef = 3BDBFEE31F6F59BD00F92898 /* フィルム2.png */; };
		3BDBFEFD1F6F59BD00F92898 /* 車椅子2.png in Resources */ = {isa = PBXBuildFile; fileRef = 3BDBFEE41F6F59BD00F92898 /* 車椅子2.png */; };
		3BDBFEFE1F6F59BD00F92898 /* 車椅子3.png in Resources */ = {isa = PBXBuildFile; fileRef = 3BDBFEE51F6F59BD00F92898 /* 車椅子3.png */; };
		3BDBFEFF1F6F59BD00F92898 /* 飛行機3.png in Resources */ = {isa = PBXBuildFile; fileRef = 3BDBFEE61F6F59BD00F92898 /* 飛行機3.png */; };
		3BDBFF001F6F59BD00F92898 /* 車椅子1.png in Resources */ = {isa = PBXBuildFile; fileRef = 3BDBFEE71F6F59BD00F92898 /* 車椅子1.png */; };
		3BDBFF011F6F59BD00F92898 /* 人1.png in Resources */ = {isa = PBXBuildFile; fileRef = 3BDBFEE81F6F59BD00F92898 /* 人1.png */; };
		3BDBFF021F6F59BD00F92898 /* 人2.png in Resources */ = {isa = PBXBuildFile; fileRef = 3BDBFEE91F6F59BD00F92898 /* 人2.png */; };
		3BDBFF031F6F59BD00F92898 /* 地球2.png in Resources */ = {isa = PBXBuildFile; fileRef = 3BDBFEEA1F6F59BD00F92898 /* 地球2.png */; };
		3BDBFF041F6F59BD00F92898 /* フィルム3.png in Resources */ = {isa = PBXBuildFile; fileRef = 3BDBFEEB1F6F59BD00F92898 /* フィルム3.png */; };
		3BDBFF051F6F59BD00F92898 /* 飛行機1.png in Resources */ = {isa = PBXBuildFile; fileRef = 3BDBFEEC1F6F59BD00F92898 /* 飛行機1.png */; };
		3BDBFF061F6F59BD00F92898 /* 飛行機2.png in Resources */ = {isa = PBXBuildFile; fileRef = 3BDBFEED1F6F59BD00F92898 /* 飛行機2.png */; };
		3BDBFF071F6F59BD00F92898 /* 対処.png in Resources */ = {isa = PBXBuildFile; fileRef = 3BDBFEEE1F6F59BD00F92898 /* 対処.png */; };
		3BDBFF081F6F59BD00F92898 /* お守り.png in Resources */ = {isa = PBXBuildFile; fileRef = 3BDBFEEF1F6F59BD00F92898 /* お守り.png */; };
		3BE2787A1EDAC807008E31A9 /* NextViewController.swift in Sources */ = {isa = PBXBuildFile; fileRef = 3BE278791EDAC807008E31A9 /* NextViewController.swift */; };
		3BE480F01EE24D11002620CB /* くるくるEX.png in Resources */ = {isa = PBXBuildFile; fileRef = 3BE480EF1EE24D11002620CB /* くるくるEX.png */; };
/* End PBXBuildFile section */

/* Begin PBXContainerItemProxy section */
		3B6FC35E1ED8126E00F37963 /* PBXContainerItemProxy */ = {
			isa = PBXContainerItemProxy;
			containerPortal = 3B6FC3411ED8126D00F37963 /* Project object */;
			proxyType = 1;
			remoteGlobalIDString = 3B6FC3481ED8126D00F37963;
			remoteInfo = PhotoXF;
		};
		3B6FC3691ED8126E00F37963 /* PBXContainerItemProxy */ = {
			isa = PBXContainerItemProxy;
			containerPortal = 3B6FC3411ED8126D00F37963 /* Project object */;
			proxyType = 1;
			remoteGlobalIDString = 3B6FC3481ED8126D00F37963;
			remoteInfo = PhotoXF;
		};
/* End PBXContainerItemProxy section */

/* Begin PBXFileReference section */
		3B08CC741F64FF2300B2FFAD /* Copy.png */ = {isa = PBXFileReference; lastKnownFileType = image.png; path = Copy.png; sourceTree = "<group>"; };
		3B08CC761F6500DB00B2FFAD /* LAL.png */ = {isa = PBXFileReference; lastKnownFileType = image.png; path = LAL.png; sourceTree = "<group>"; };
		3B19C6C61F6E781600E6C8B1 /* ターゲット2.png */ = {isa = PBXFileReference; lastKnownFileType = image.png; path = "ターゲット2.png"; sourceTree = "<group>"; };
		3B19C6C71F6E781600E6C8B1 /* ターゲット3.png */ = {isa = PBXFileReference; lastKnownFileType = image.png; path = "ターゲット3.png"; sourceTree = "<group>"; };
		3B19C6C81F6E781600E6C8B1 /* 思い出し1.png */ = {isa = PBXFileReference; lastKnownFileType = image.png; path = "思い出し1.png"; sourceTree = "<group>"; };
		3B19C6C91F6E781600E6C8B1 /* 禁止3.png */ = {isa = PBXFileReference; lastKnownFileType = image.png; path = "禁止3.png"; sourceTree = "<group>"; };
		3B19C6CA1F6E781600E6C8B1 /* OK2.png */ = {isa = PBXFileReference; lastKnownFileType = image.png; path = OK2.png; sourceTree = "<group>"; };
		3B19C6CB1F6E781600E6C8B1 /* 思い出し2.png */ = {isa = PBXFileReference; lastKnownFileType = image.png; path = "思い出し2.png"; sourceTree = "<group>"; };
		3B19C6CC1F6E781600E6C8B1 /* 音符2.png */ = {isa = PBXFileReference; lastKnownFileType = image.png; path = "音符2.png"; sourceTree = "<group>"; };
		3B19C6CD1F6E781600E6C8B1 /* 音符3.png */ = {isa = PBXFileReference; lastKnownFileType = image.png; path = "音符3.png"; sourceTree = "<group>"; };
		3B19C6CE1F6E781600E6C8B1 /* 音符4.png */ = {isa = PBXFileReference; lastKnownFileType = image.png; path = "音符4.png"; sourceTree = "<group>"; };
		3B19C6CF1F6E781600E6C8B1 /* はさみ1.png */ = {isa = PBXFileReference; lastKnownFileType = image.png; path = "はさみ1.png"; sourceTree = "<group>"; };
		3B19C6D01F6E781600E6C8B1 /* メールボックス3.png */ = {isa = PBXFileReference; lastKnownFileType = image.png; path = "メールボックス3.png"; sourceTree = "<group>"; };
		3B19C6D11F6E781600E6C8B1 /* メールボックス4.png */ = {isa = PBXFileReference; lastKnownFileType = image.png; path = "メールボックス4.png"; sourceTree = "<group>"; };
		3B19C6D21F6E781600E6C8B1 /* リサイクルしよう.png */ = {isa = PBXFileReference; lastKnownFileType = image.png; path = "リサイクルしよう.png"; sourceTree = "<group>"; };
		3B19C6D31F6E781600E6C8B1 /* 音符5.png */ = {isa = PBXFileReference; lastKnownFileType = image.png; path = "音符5.png"; sourceTree = "<group>"; };
		3B19C6D41F6E781600E6C8B1 /* カーソル1.png */ = {isa = PBXFileReference; lastKnownFileType = image.png; path = "カーソル1.png"; sourceTree = "<group>"; };
		3B19C6D51F6E781600E6C8B1 /* カーソル2.png */ = {isa = PBXFileReference; lastKnownFileType = image.png; path = "カーソル2.png"; sourceTree = "<group>"; };
		3B19C6D61F6E781600E6C8B1 /* 傘1.png */ = {isa = PBXFileReference; lastKnownFileType = image.png; path = "傘1.png"; sourceTree = "<group>"; };
		3B19C6D71F6E781600E6C8B1 /* 傘2.png */ = {isa = PBXFileReference; lastKnownFileType = image.png; path = "傘2.png"; sourceTree = "<group>"; };
		3B19C6D81F6E781600E6C8B1 /* 傘3.png */ = {isa = PBXFileReference; lastKnownFileType = image.png; path = "傘3.png"; sourceTree = "<group>"; };
		3B19C6D91F6E781600E6C8B1 /* 傘4.png */ = {isa = PBXFileReference; lastKnownFileType = image.png; path = "傘4.png"; sourceTree = "<group>"; };
		3B19C6DA1F6E781600E6C8B1 /* OK21.png */ = {isa = PBXFileReference; lastKnownFileType = image.png; path = OK21.png; sourceTree = "<group>"; };
		3B19C6DB1F6E781600E6C8B1 /* カーソル3.png */ = {isa = PBXFileReference; lastKnownFileType = image.png; path = "カーソル3.png"; sourceTree = "<group>"; };
		3B19C6DC1F6E781600E6C8B1 /* はさみ2.png */ = {isa = PBXFileReference; lastKnownFileType = image.png; path = "はさみ2.png"; sourceTree = "<group>"; };
		3B19C6DD1F6E781600E6C8B1 /* メールボックス1.png */ = {isa = PBXFileReference; lastKnownFileType = image.png; path = "メールボックス1.png"; sourceTree = "<group>"; };
		3B19C6DE1F6E781600E6C8B1 /* 禁止1.png */ = {isa = PBXFileReference; lastKnownFileType = image.png; path = "禁止1.png"; sourceTree = "<group>"; };
		3B19C6DF1F6E781600E6C8B1 /* OK3.png */ = {isa = PBXFileReference; lastKnownFileType = image.png; path = OK3.png; sourceTree = "<group>"; };
		3B19C6E01F6E781600E6C8B1 /* ターゲット1.png */ = {isa = PBXFileReference; lastKnownFileType = image.png; path = "ターゲット1.png"; sourceTree = "<group>"; };
		3B19C6E11F6E781600E6C8B1 /* メールボックス2.png */ = {isa = PBXFileReference; lastKnownFileType = image.png; path = "メールボックス2.png"; sourceTree = "<group>"; };
		3B19C6E21F6E781600E6C8B1 /* 音符1.png */ = {isa = PBXFileReference; lastKnownFileType = image.png; path = "音符1.png"; sourceTree = "<group>"; };
		3B19C6E31F6E781600E6C8B1 /* 禁止2.png */ = {isa = PBXFileReference; lastKnownFileType = image.png; path = "禁止2.png"; sourceTree = "<group>"; };
		3B19C7021F6E829200E6C8B1 /* Fill.png */ = {isa = PBXFileReference; lastKnownFileType = image.png; path = Fill.png; sourceTree = "<group>"; };
		3B1EA23F1F6DD6CA0076A832 /* StampViewController.swift */ = {isa = PBXFileReference; fileEncoding = 4; lastKnownFileType = sourcecode.swift; path = StampViewController.swift; sourceTree = "<group>"; };
		3B1EA2411F6DFD700076A832 /* StampTeste.swift */ = {isa = PBXFileReference; fileEncoding = 4; lastKnownFileType = sourcecode.swift; path = StampTeste.swift; sourceTree = "<group>"; };
		3B22C69F1F0A38DF009FADAC /* ガラパゴス.jpg */ = {isa = PBXFileReference; lastKnownFileType = image.jpeg; path = "ガラパゴス.jpg"; sourceTree = "<group>"; };
		3B22C6A01F0A38DF009FADAC /* セピア.jpg */ = {isa = PBXFileReference; lastKnownFileType = image.jpeg; path = "セピア.jpg"; sourceTree = "<group>"; };
		3B22C6A11F0A38DF009FADAC /* ピンク色.jpg */ = {isa = PBXFileReference; lastKnownFileType = image.jpeg; path = "ピンク色.jpg"; sourceTree = "<group>"; };
		3B22C6A21F0A38DF009FADAC /* ブラー.jpg */ = {isa = PBXFileReference; lastKnownFileType = image.jpeg; path = "ブラー.jpg"; sourceTree = "<group>"; };
		3B22C6A31F0A38DF009FADAC /* 暗い.jpg */ = {isa = PBXFileReference; lastKnownFileType = image.jpeg; path = "暗い.jpg"; sourceTree = "<group>"; };
		3B22C6A41F0A38DF009FADAC /* 液晶破損.jpg */ = {isa = PBXFileReference; lastKnownFileType = image.jpeg; path = "液晶破損.jpg"; sourceTree = "<group>"; };
		3B22C6A51F0A38DF009FADAC /* 黄金.jpg */ = {isa = PBXFileReference; lastKnownFileType = image.jpeg; path = "黄金.jpg"; sourceTree = "<group>"; };
		3B22C6A61F0A38DF009FADAC /* 黄緑色.jpg */ = {isa = PBXFileReference; lastKnownFileType = image.jpeg; path = "黄緑色.jpg"; sourceTree = "<group>"; };
		3B22C6A71F0A38DF009FADAC /* 偽色.jpg */ = {isa = PBXFileReference; lastKnownFileType = image.jpeg; path = "偽色.jpg"; sourceTree = "<group>"; };
		3B22C6A81F0A38DF009FADAC /* 幻覚.jpg */ = {isa = PBXFileReference; lastKnownFileType = image.jpeg; path = "幻覚.jpg"; sourceTree = "<group>"; };
		3B22C6A91F0A38DF009FADAC /* 暑い場所.jpg */ = {isa = PBXFileReference; lastKnownFileType = image.jpeg; path = "暑い場所.jpg"; sourceTree = "<group>"; };
		3B22C6AA1F0A38DF009FADAC /* 色彩増加.jpg */ = {isa = PBXFileReference; lastKnownFileType = image.jpeg; path = "色彩増加.jpg"; sourceTree = "<group>"; };
		3B22C6AB1F0A38DF009FADAC /* 新聞画像.jpg */ = {isa = PBXFileReference; lastKnownFileType = image.jpeg; path = "新聞画像.jpg"; sourceTree = "<group>"; };
		3B22C6AC1F0A38DF009FADAC /* 真っ赤な絵.jpg */ = {isa = PBXFileReference; lastKnownFileType = image.jpeg; path = "真っ赤な絵.jpg"; sourceTree = "<group>"; };
		3B22C6AD1F0A38DF009FADAC /* 青色.jpg */ = {isa = PBXFileReference; lastKnownFileType = image.jpeg; path = "青色.jpg"; sourceTree = "<group>"; };
		3B22C6AE1F0A38DF009FADAC /* 赤色.jpg */ = {isa = PBXFileReference; lastKnownFileType = image.jpeg; path = "赤色.jpg"; sourceTree = "<group>"; };
		3B22C6AF1F0A38DF009FADAC /* 素朴.jpg */ = {isa = PBXFileReference; lastKnownFileType = image.jpeg; path = "素朴.jpg"; sourceTree = "<group>"; };
		3B22C6B01F0A38DF009FADAC /* 白黒.jpg */ = {isa = PBXFileReference; lastKnownFileType = image.jpeg; path = "白黒.jpg"; sourceTree = "<group>"; };
		3B22C6B11F0A38DF009FADAC /* 白黒反転.jpg */ = {isa = PBXFileReference; lastKnownFileType = image.jpeg; path = "白黒反転.jpg"; sourceTree = "<group>"; };
		3B22C6B21F0A38DF009FADAC /* 反転.jpg */ = {isa = PBXFileReference; lastKnownFileType = image.jpeg; path = "反転.jpg"; sourceTree = "<group>"; };
		3B22C6B31F0A38DF009FADAC /* 明るい.jpg */ = {isa = PBXFileReference; lastKnownFileType = image.jpeg; path = "明るい.jpg"; sourceTree = "<group>"; };
		3B22C6B41F0A38DF009FADAC /* 緑反転.jpg */ = {isa = PBXFileReference; lastKnownFileType = image.jpeg; path = "緑反転.jpg"; sourceTree = "<group>"; };
		3B2AC08A1EDA994E00B8E10B /* hatena.png */ = {isa = PBXFileReference; lastKnownFileType = image.png; path = hatena.png; sourceTree = "<group>"; };
		3B2AC08B1EDA994E00B8E10B /* hibi.png */ = {isa = PBXFileReference; lastKnownFileType = image.png; path = hibi.png; sourceTree = "<group>"; };
		3B2AC08C1EDA994E00B8E10B /* honou.png */ = {isa = PBXFileReference; lastKnownFileType = image.png; path = honou.png; sourceTree = "<group>"; };
		3B2AC08D1EDA994E00B8E10B /* kemuri.png */ = {isa = PBXFileReference; lastKnownFileType = image.png; path = kemuri.png; sourceTree = "<group>"; };
		3B2AC08E1EDA994E00B8E10B /* KIS.png */ = {isa = PBXFileReference; lastKnownFileType = image.png; path = KIS.png; sourceTree = "<group>"; };
		3B2AC08F1EDA994E00B8E10B /* キラキラ.png */ = {isa = PBXFileReference; lastKnownFileType = image.png; path = "キラキラ.png"; sourceTree = "<group>"; };
		3B2AC0901EDA994E00B8E10B /* ビックリマーク.png */ = {isa = PBXFileReference; lastKnownFileType = image.png; path = "ビックリマーク.png"; sourceTree = "<group>"; };
		3B2AC0911EDA994E00B8E10B /* 電球.png */ = {isa = PBXFileReference; lastKnownFileType = image.png; path = "電球.png"; sourceTree = "<group>"; };
		3B2AC09A1EDA996C00B8E10B /* ブラックスクリーン.png */ = {isa = PBXFileReference; lastKnownFileType = image.png; path = "ブラックスクリーン.png"; sourceTree = "<group>"; };
		3B36E3201F248417008F8DA6 /* ImagePicture.png */ = {isa = PBXFileReference; lastKnownFileType = image.png; path = ImagePicture.png; sourceTree = "<group>"; };
		3B47C26D1EFFA5E10072EC4D /* CityViewController.swift */ = {isa = PBXFileReference; fileEncoding = 4; lastKnownFileType = sourcecode.swift; path = CityViewController.swift; sourceTree = "<group>"; };
		3B47C26F1EFFABC60072EC4D /* rainbow.png */ = {isa = PBXFileReference; lastKnownFileType = image.png; path = rainbow.png; sourceTree = "<group>"; };
		3B48D36F1F0A3B4800528087 /* gaggagagag.png */ = {isa = PBXFileReference; lastKnownFileType = image.png; path = gaggagagag.png; sourceTree = "<group>"; };
		3B48D3721F0A3E9E00528087 /* Yazirusi.png */ = {isa = PBXFileReference; lastKnownFileType = image.png; path = Yazirusi.png; sourceTree = "<group>"; };
		3B48D3741F0A3E9E00528087 /* hukidasi.png */ = {isa = PBXFileReference; lastKnownFileType = image.png; path = hukidasi.png; sourceTree = "<group>"; };
		3B4EE8E11EE2969E00AE42B1 /* 頭悪い.png */ = {isa = PBXFileReference; lastKnownFileType = image.png; path = "頭悪い.png"; sourceTree = "<group>"; };
		3B4EE8E21EE2969E00AE42B1 /* 雷.png */ = {isa = PBXFileReference; lastKnownFileType = image.png; path = "雷.png"; sourceTree = "<group>"; };
		3B6FC3491ED8126D00F37963 /* PhotoXF.app */ = {isa = PBXFileReference; explicitFileType = wrapper.application; includeInIndex = 0; path = PhotoXF.app; sourceTree = BUILT_PRODUCTS_DIR; };
		3B6FC34C1ED8126D00F37963 /* AppDelegate.swift */ = {isa = PBXFileReference; lastKnownFileType = sourcecode.swift; path = AppDelegate.swift; sourceTree = "<group>"; };
		3B6FC34E1ED8126D00F37963 /* ViewController.swift */ = {isa = PBXFileReference; lastKnownFileType = sourcecode.swift; path = ViewController.swift; sourceTree = "<group>"; };
		3B6FC3511ED8126D00F37963 /* Base */ = {isa = PBXFileReference; lastKnownFileType = file.storyboard; name = Base; path = Base.lproj/Main.storyboard; sourceTree = "<group>"; };
		3B6FC3531ED8126E00F37963 /* Assets.xcassets */ = {isa = PBXFileReference; lastKnownFileType = folder.assetcatalog; path = Assets.xcassets; sourceTree = "<group>"; };
		3B6FC3561ED8126E00F37963 /* Base */ = {isa = PBXFileReference; lastKnownFileType = file.storyboard; name = Base; path = Base.lproj/LaunchScreen.storyboard; sourceTree = "<group>"; };
		3B6FC3581ED8126E00F37963 /* Info.plist */ = {isa = PBXFileReference; lastKnownFileType = text.plist.xml; path = Info.plist; sourceTree = "<group>"; };
		3B6FC35D1ED8126E00F37963 /* PhotoXFTests.xctest */ = {isa = PBXFileReference; explicitFileType = wrapper.cfbundle; includeInIndex = 0; path = PhotoXFTests.xctest; sourceTree = BUILT_PRODUCTS_DIR; };
		3B6FC3611ED8126E00F37963 /* PhotoXFTests.swift */ = {isa = PBXFileReference; lastKnownFileType = sourcecode.swift; path = PhotoXFTests.swift; sourceTree = "<group>"; };
		3B6FC3631ED8126E00F37963 /* Info.plist */ = {isa = PBXFileReference; lastKnownFileType = text.plist.xml; path = Info.plist; sourceTree = "<group>"; };
		3B6FC3681ED8126E00F37963 /* PhotoXFUITests.xctest */ = {isa = PBXFileReference; explicitFileType = wrapper.cfbundle; includeInIndex = 0; path = PhotoXFUITests.xctest; sourceTree = BUILT_PRODUCTS_DIR; };
		3B6FC36C1ED8126E00F37963 /* PhotoXFUITests.swift */ = {isa = PBXFileReference; lastKnownFileType = sourcecode.swift; path = PhotoXFUITests.swift; sourceTree = "<group>"; };
		3B6FC36E1ED8126E00F37963 /* Info.plist */ = {isa = PBXFileReference; lastKnownFileType = text.plist.xml; path = Info.plist; sourceTree = "<group>"; };
		3B7A61161F6E2A720005A78A /* 立ち入り禁止.png */ = {isa = PBXFileReference; lastKnownFileType = image.png; path = "立ち入り禁止.png"; sourceTree = "<group>"; };
		3B7A61171F6E2A720005A78A /* ハート1.png */ = {isa = PBXFileReference; lastKnownFileType = image.png; path = "ハート1.png"; sourceTree = "<group>"; };
		3B7A61181F6E2A720005A78A /* 時計.png */ = {isa = PBXFileReference; lastKnownFileType = image.png; path = "時計.png"; sourceTree = "<group>"; };
		3B7A61191F6E2A720005A78A /* ハート2.png */ = {isa = PBXFileReference; lastKnownFileType = image.png; path = "ハート2.png"; sourceTree = "<group>"; };
		3B7A611A1F6E2A720005A78A /* 星二つ.png */ = {isa = PBXFileReference; lastKnownFileType = image.png; path = "星二つ.png"; sourceTree = "<group>"; };
		3B7D5E621F5A8B38006779FD /* AKASViewController.swift */ = {isa = PBXFileReference; fileEncoding = 4; lastKnownFileType = sourcecode.swift; path = AKASViewController.swift; sourceTree = "<group>"; };
		3B8501F81F8B09FB005BE42C /* Cammm.png */ = {isa = PBXFileReference; lastKnownFileType = image.png; path = Cammm.png; sourceTree = "<group>"; };
		3B8746EF1F6D5EB300BEC9BF /* DNS.png */ = {isa = PBXFileReference; lastKnownFileType = image.png; path = DNS.png; sourceTree = "<group>"; };
		3B8746F11F6D628D00BEC9BF /* NewViewController.swift */ = {isa = PBXFileReference; fileEncoding = 4; lastKnownFileType = sourcecode.swift; path = NewViewController.swift; sourceTree = "<group>"; };
		3B99BB6A1F6E889800F791D4 /* StartedViewController.swift */ = {isa = PBXFileReference; fileEncoding = 4; lastKnownFileType = sourcecode.swift; path = StartedViewController.swift; sourceTree = "<group>"; };
		3B9F55991EE26AA200D3B9A0 /* IMGA0004.png */ = {isa = PBXFileReference; lastKnownFileType = image.png; path = IMGA0004.png; sourceTree = "<group>"; };
		3BBA187A1EDA953600500632 /* Button_ViewController.swift */ = {isa = PBXFileReference; fileEncoding = 4; lastKnownFileType = sourcecode.swift; path = Button_ViewController.swift; sourceTree = "<group>"; };
		3BBACB8D1F488247004468B5 /* icon.png */ = {isa = PBXFileReference; lastKnownFileType = image.png; path = icon.png; sourceTree = "<group>"; };
		3BC388A81F0CDC77006C782C /* kibana.png */ = {isa = PBXFileReference; lastKnownFileType = image.png; path = kibana.png; sourceTree = "<group>"; };
		3BC388AA1F0CDC80006C782C /* 星一つ.png */ = {isa = PBXFileReference; lastKnownFileType = image.png; path = "星一つ.png"; sourceTree = "<group>"; };
		3BC39B721F64E53E00A9C8B0 /* SKViewController.swift */ = {isa = PBXFileReference; fileEncoding = 4; lastKnownFileType = sourcecode.swift; path = SKViewController.swift; sourceTree = "<group>"; };
		3BC39B741F64EAF900A9C8B0 /* 1179.png */ = {isa = PBXFileReference; lastKnownFileType = image.png; path = 1179.png; sourceTree = "<group>"; };
		3BCEAE381F6504920061C526 /* images.png */ = {isa = PBXFileReference; lastKnownFileType = image.png; path = images.png; sourceTree = "<group>"; };
		3BCEAE3A1F6506600061C526 /* c7f06ee3.png */ = {isa = PBXFileReference; lastKnownFileType = image.png; path = c7f06ee3.png; sourceTree = "<group>"; };
		3BCEAE3C1F650AB00061C526 /* aajs.png */ = {isa = PBXFileReference; lastKnownFileType = image.png; path = aajs.png; sourceTree = "<group>"; };
		3BCEAE3E1F650E250061C526 /* CamSD.png */ = {isa = PBXFileReference; lastKnownFileType = image.png; path = CamSD.png; sourceTree = "<group>"; };
		3BDBFED71F6F59BD00F92898 /* 水泳1.png */ = {isa = PBXFileReference; lastKnownFileType = image.png; path = "水泳1.png"; sourceTree = "<group>"; };
		3BDBFED81F6F59BD00F92898 /* 水泳2.png */ = {isa = PBXFileReference; lastKnownFileType = image.png; path = "水泳2.png"; sourceTree = "<group>"; };
		3BDBFED91F6F59BD00F92898 /* 地球3.png */ = {isa = PBXFileReference; lastKnownFileType = image.png; path = "地球3.png"; sourceTree = "<group>"; };
		3BDBFEDA1F6F59BD00F92898 /* 地球4.png */ = {isa = PBXFileReference; lastKnownFileType = image.png; path = "地球4.png"; sourceTree = "<group>"; };
		3BDBFEDB1F6F59BD00F92898 /* Camera.png */ = {isa = PBXFileReference; lastKnownFileType = image.png; path = Camera.png; sourceTree = "<group>"; };
		3BDBFEDC1F6F59BD00F92898 /* 水泳3.png */ = {isa = PBXFileReference; lastKnownFileType = image.png; path = "水泳3.png"; sourceTree = "<group>"; };
		3BDBFEDD1F6F59BD00F92898 /* フィルム1.png */ = {isa = PBXFileReference; lastKnownFileType = image.png; path = "フィルム1.png"; sourceTree = "<group>"; };
		3BDBFEDE1F6F59BD00F92898 /* 人3.png */ = {isa = PBXFileReference; lastKnownFileType = image.png; path = "人3.png"; sourceTree = "<group>"; };
		3BDBFEDF1F6F59BD00F92898 /* 人4.png */ = {isa = PBXFileReference; lastKnownFileType = image.png; path = "人4.png"; sourceTree = "<group>"; };
		3BDBFEE01F6F59BD00F92898 /* 人5.png */ = {isa = PBXFileReference; lastKnownFileType = image.png; path = "人5.png"; sourceTree = "<group>"; };
		3BDBFEE11F6F59BD00F92898 /* 人6.png */ = {isa = PBXFileReference; lastKnownFileType = image.png; path = "人6.png"; sourceTree = "<group>"; };
		3BDBFEE21F6F59BD00F92898 /* 地球1.png */ = {isa = PBXFileReference; lastKnownFileType = image.png; path = "地球1.png"; sourceTree = "<group>"; };
		3BDBFEE31F6F59BD00F92898 /* フィルム2.png */ = {isa = PBXFileReference; lastKnownFileType = image.png; path = "フィルム2.png"; sourceTree = "<group>"; };
		3BDBFEE41F6F59BD00F92898 /* 車椅子2.png */ = {isa = PBXFileReference; lastKnownFileType = image.png; path = "車椅子2.png"; sourceTree = "<group>"; };
		3BDBFEE51F6F59BD00F92898 /* 車椅子3.png */ = {isa = PBXFileReference; lastKnownFileType = image.png; path = "車椅子3.png"; sourceTree = "<group>"; };
		3BDBFEE61F6F59BD00F92898 /* 飛行機3.png */ = {isa = PBXFileReference; lastKnownFileType = image.png; path = "飛行機3.png"; sourceTree = "<group>"; };
		3BDBFEE71F6F59BD00F92898 /* 車椅子1.png */ = {isa = PBXFileReference; lastKnownFileType = image.png; path = "車椅子1.png"; sourceTree = "<group>"; };
		3BDBFEE81F6F59BD00F92898 /* 人1.png */ = {isa = PBXFileReference; lastKnownFileType = image.png; path = "人1.png"; sourceTree = "<group>"; };
		3BDBFEE91F6F59BD00F92898 /* 人2.png */ = {isa = PBXFileReference; lastKnownFileType = image.png; path = "人2.png"; sourceTree = "<group>"; };
		3BDBFEEA1F6F59BD00F92898 /* 地球2.png */ = {isa = PBXFileReference; lastKnownFileType = image.png; path = "地球2.png"; sourceTree = "<group>"; };
		3BDBFEEB1F6F59BD00F92898 /* フィルム3.png */ = {isa = PBXFileReference; lastKnownFileType = image.png; path = "フィルム3.png"; sourceTree = "<group>"; };
		3BDBFEEC1F6F59BD00F92898 /* 飛行機1.png */ = {isa = PBXFileReference; lastKnownFileType = image.png; path = "飛行機1.png"; sourceTree = "<group>"; };
		3BDBFEED1F6F59BD00F92898 /* 飛行機2.png */ = {isa = PBXFileReference; lastKnownFileType = image.png; path = "飛行機2.png"; sourceTree = "<group>"; };
		3BDBFEEE1F6F59BD00F92898 /* 対処.png */ = {isa = PBXFileReference; lastKnownFileType = image.png; path = "対処.png"; sourceTree = "<group>"; };
		3BDBFEEF1F6F59BD00F92898 /* お守り.png */ = {isa = PBXFileReference; lastKnownFileType = image.png; path = "お守り.png"; sourceTree = "<group>"; };
		3BE278791EDAC807008E31A9 /* NextViewController.swift */ = {isa = PBXFileReference; fileEncoding = 4; lastKnownFileType = sourcecode.swift; path = NextViewController.swift; sourceTree = "<group>"; };
		3BE480EF1EE24D11002620CB /* くるくるEX.png */ = {isa = PBXFileReference; lastKnownFileType = image.png; path = "くるくるEX.png"; sourceTree = "<group>"; };
		3BE76B221F8B18C30091036F /* Stampred.png */ = {isa = PBXFileReference; lastKnownFileType = image.png; path = Stampred.png; sourceTree = "<group>"; };
/* End PBXFileReference section */

/* Begin PBXFrameworksBuildPhase section */
		3B6FC3461ED8126D00F37963 /* Frameworks */ = {
			isa = PBXFrameworksBuildPhase;
			buildActionMask = 2147483647;
			files = (
			);
			runOnlyForDeploymentPostprocessing = 0;
		};
		3B6FC35A1ED8126E00F37963 /* Frameworks */ = {
			isa = PBXFrameworksBuildPhase;
			buildActionMask = 2147483647;
			files = (
			);
			runOnlyForDeploymentPostprocessing = 0;
		};
		3B6FC3651ED8126E00F37963 /* Frameworks */ = {
			isa = PBXFrameworksBuildPhase;
			buildActionMask = 2147483647;
			files = (
			);
			runOnlyForDeploymentPostprocessing = 0;
		};
/* End PBXFrameworksBuildPhase section */

/* Begin PBXGroup section */
		3B22C6721F0A3856009FADAC /* Test Pictures */ = {
			isa = PBXGroup;
			children = (
				3B22C69F1F0A38DF009FADAC /* ガラパゴス.jpg */,
				3B22C6A01F0A38DF009FADAC /* セピア.jpg */,
				3B22C6A11F0A38DF009FADAC /* ピンク色.jpg */,
				3B22C6A21F0A38DF009FADAC /* ブラー.jpg */,
				3B22C6A31F0A38DF009FADAC /* 暗い.jpg */,
				3B22C6A41F0A38DF009FADAC /* 液晶破損.jpg */,
				3B22C6A51F0A38DF009FADAC /* 黄金.jpg */,
				3B22C6A61F0A38DF009FADAC /* 黄緑色.jpg */,
				3B22C6A71F0A38DF009FADAC /* 偽色.jpg */,
				3B22C6A81F0A38DF009FADAC /* 幻覚.jpg */,
				3B22C6A91F0A38DF009FADAC /* 暑い場所.jpg */,
				3B22C6AA1F0A38DF009FADAC /* 色彩増加.jpg */,
				3B22C6AB1F0A38DF009FADAC /* 新聞画像.jpg */,
				3B22C6AC1F0A38DF009FADAC /* 真っ赤な絵.jpg */,
				3B22C6AD1F0A38DF009FADAC /* 青色.jpg */,
				3B22C6AE1F0A38DF009FADAC /* 赤色.jpg */,
				3B22C6AF1F0A38DF009FADAC /* 素朴.jpg */,
				3B22C6B01F0A38DF009FADAC /* 白黒.jpg */,
				3B22C6B11F0A38DF009FADAC /* 白黒反転.jpg */,
				3B22C6B21F0A38DF009FADAC /* 反転.jpg */,
				3B22C6B31F0A38DF009FADAC /* 明るい.jpg */,
				3B22C6B41F0A38DF009FADAC /* 緑反転.jpg */,
			);
			name = "Test Pictures";
			sourceTree = "<group>";
		};
		3B6FC3401ED8126D00F37963 = {
			isa = PBXGroup;
			children = (
				3BBACB8D1F488247004468B5 /* icon.png */,
				3B6FC34B1ED8126D00F37963 /* PhotoXF */,
				3B6FC3601ED8126E00F37963 /* PhotoXFTests */,
				3B6FC36B1ED8126E00F37963 /* PhotoXFUITests */,
				3B6FC34A1ED8126D00F37963 /* Products */,
			);
			sourceTree = "<group>";
		};
		3B6FC34A1ED8126D00F37963 /* Products */ = {
			isa = PBXGroup;
			children = (
				3B6FC3491ED8126D00F37963 /* PhotoXF.app */,
				3B6FC35D1ED8126E00F37963 /* PhotoXFTests.xctest */,
				3B6FC3681ED8126E00F37963 /* PhotoXFUITests.xctest */,
			);
			name = Products;
			sourceTree = "<group>";
		};
		3B6FC34B1ED8126D00F37963 /* PhotoXF */ = {
			isa = PBXGroup;
			children = (
				3B22C6721F0A3856009FADAC /* Test Pictures */,
				3B6FC34C1ED8126D00F37963 /* AppDelegate.swift */,
				3B6FC34E1ED8126D00F37963 /* ViewController.swift */,
				3B6FC3501ED8126D00F37963 /* Main.storyboard */,
				3B6FC3531ED8126E00F37963 /* Assets.xcassets */,
				3BE76B221F8B18C30091036F /* Stampred.png */,
				3B8501F81F8B09FB005BE42C /* Cammm.png */,
				3BDBFED71F6F59BD00F92898 /* 水泳1.png */,
				3BDBFED81F6F59BD00F92898 /* 水泳2.png */,
				3BDBFEDC1F6F59BD00F92898 /* 水泳3.png */,
				3BDBFEE21F6F59BD00F92898 /* 地球1.png */,
				3BDBFEEA1F6F59BD00F92898 /* 地球2.png */,
				3BDBFED91F6F59BD00F92898 /* 地球3.png */,
				3BDBFEDA1F6F59BD00F92898 /* 地球4.png */,
				3BDBFEDB1F6F59BD00F92898 /* Camera.png */,
				3BDBFEDD1F6F59BD00F92898 /* フィルム1.png */,
				3BDBFEE31F6F59BD00F92898 /* フィルム2.png */,
				3BDBFEEB1F6F59BD00F92898 /* フィルム3.png */,
				3BDBFEE81F6F59BD00F92898 /* 人1.png */,
				3BDBFEE91F6F59BD00F92898 /* 人2.png */,
				3BDBFEDE1F6F59BD00F92898 /* 人3.png */,
				3BDBFEDF1F6F59BD00F92898 /* 人4.png */,
				3BDBFEE01F6F59BD00F92898 /* 人5.png */,
				3BDBFEE11F6F59BD00F92898 /* 人6.png */,
				3BDBFEE71F6F59BD00F92898 /* 車椅子1.png */,
				3BDBFEE41F6F59BD00F92898 /* 車椅子2.png */,
				3BDBFEE51F6F59BD00F92898 /* 車椅子3.png */,
				3BDBFEEC1F6F59BD00F92898 /* 飛行機1.png */,
				3BDBFEED1F6F59BD00F92898 /* 飛行機2.png */,
				3BDBFEE61F6F59BD00F92898 /* 飛行機3.png */,
				3BDBFEEE1F6F59BD00F92898 /* 対処.png */,
				3BDBFEEF1F6F59BD00F92898 /* お守り.png */,
				3B6FC3551ED8126E00F37963 /* LaunchScreen.storyboard */,
				3B19C6E01F6E781600E6C8B1 /* ターゲット1.png */,
				3B19C6C61F6E781600E6C8B1 /* ターゲット2.png */,
				3B19C6C71F6E781600E6C8B1 /* ターゲット3.png */,
				3B19C6C81F6E781600E6C8B1 /* 思い出し1.png */,
				3B19C6CB1F6E781600E6C8B1 /* 思い出し2.png */,
				3B19C6DE1F6E781600E6C8B1 /* 禁止1.png */,
				3B19C6E31F6E781600E6C8B1 /* 禁止2.png */,
				3B19C6C91F6E781600E6C8B1 /* 禁止3.png */,
				3B19C6DA1F6E781600E6C8B1 /* OK21.png */,
				3B19C6CA1F6E781600E6C8B1 /* OK2.png */,
				3B19C6DF1F6E781600E6C8B1 /* OK3.png */,
				3B19C6E21F6E781600E6C8B1 /* 音符1.png */,
				3B19C6CC1F6E781600E6C8B1 /* 音符2.png */,
				3B19C6CD1F6E781600E6C8B1 /* 音符3.png */,
				3B19C6CE1F6E781600E6C8B1 /* 音符4.png */,
				3B19C6D31F6E781600E6C8B1 /* 音符5.png */,
				3B19C6CF1F6E781600E6C8B1 /* はさみ1.png */,
				3B19C6DC1F6E781600E6C8B1 /* はさみ2.png */,
				3B19C6DD1F6E781600E6C8B1 /* メールボックス1.png */,
				3B19C6E11F6E781600E6C8B1 /* メールボックス2.png */,
				3B19C6D01F6E781600E6C8B1 /* メールボックス3.png */,
				3B19C6D11F6E781600E6C8B1 /* メールボックス4.png */,
				3B19C6D21F6E781600E6C8B1 /* リサイクルしよう.png */,
				3B19C6D41F6E781600E6C8B1 /* カーソル1.png */,
				3B19C6D51F6E781600E6C8B1 /* カーソル2.png */,
				3B19C6DB1F6E781600E6C8B1 /* カーソル3.png */,
				3B19C6D61F6E781600E6C8B1 /* 傘1.png */,
				3B19C6D71F6E781600E6C8B1 /* 傘2.png */,
				3B19C6D81F6E781600E6C8B1 /* 傘3.png */,
				3B19C6D91F6E781600E6C8B1 /* 傘4.png */,
				3B1EA23F1F6DD6CA0076A832 /* StampViewController.swift */,
				3B19C7021F6E829200E6C8B1 /* Fill.png */,
				3B7A61161F6E2A720005A78A /* 立ち入り禁止.png */,
				3B7A61171F6E2A720005A78A /* ハート1.png */,
				3B7A61181F6E2A720005A78A /* 時計.png */,
				3B7A61191F6E2A720005A78A /* ハート2.png */,
				3B7A611A1F6E2A720005A78A /* 星二つ.png */,
				3B6FC3581ED8126E00F37963 /* Info.plist */,
				3B4EE8E11EE2969E00AE42B1 /* 頭悪い.png */,
				3BCEAE3E1F650E250061C526 /* CamSD.png */,
				3B8746EF1F6D5EB300BEC9BF /* DNS.png */,
				3B4EE8E21EE2969E00AE42B1 /* 雷.png */,
				3BCEAE3C1F650AB00061C526 /* aajs.png */,
				3BBA187A1EDA953600500632 /* Button_ViewController.swift */,
				3B48D3721F0A3E9E00528087 /* Yazirusi.png */,
				3B36E3201F248417008F8DA6 /* ImagePicture.png */,
				3BCEAE381F6504920061C526 /* images.png */,
				3BCEAE3A1F6506600061C526 /* c7f06ee3.png */,
				3B48D3741F0A3E9E00528087 /* hukidasi.png */,
				3B08CC761F6500DB00B2FFAD /* LAL.png */,
				3BC388A81F0CDC77006C782C /* kibana.png */,
				3BC39B741F64EAF900A9C8B0 /* 1179.png */,
				3BC388AA1F0CDC80006C782C /* 星一つ.png */,
				3B08CC741F64FF2300B2FFAD /* Copy.png */,
				3B48D36F1F0A3B4800528087 /* gaggagagag.png */,
				3B9F55991EE26AA200D3B9A0 /* IMGA0004.png */,
				3B47C26F1EFFABC60072EC4D /* rainbow.png */,
				3BE480EF1EE24D11002620CB /* くるくるEX.png */,
				3B2AC08A1EDA994E00B8E10B /* hatena.png */,
				3B2AC08B1EDA994E00B8E10B /* hibi.png */,
				3B2AC08C1EDA994E00B8E10B /* honou.png */,
				3B2AC08D1EDA994E00B8E10B /* kemuri.png */,
				3B2AC08E1EDA994E00B8E10B /* KIS.png */,
				3B2AC09A1EDA996C00B8E10B /* ブラックスクリーン.png */,
				3B2AC08F1EDA994E00B8E10B /* キラキラ.png */,
				3B2AC0901EDA994E00B8E10B /* ビックリマーク.png */,
				3B2AC0911EDA994E00B8E10B /* 電球.png */,
				3BE278791EDAC807008E31A9 /* NextViewController.swift */,
				3B47C26D1EFFA5E10072EC4D /* CityViewController.swift */,
				3B7D5E621F5A8B38006779FD /* AKASViewController.swift */,
				3BC39B721F64E53E00A9C8B0 /* SKViewController.swift */,
				3B8746F11F6D628D00BEC9BF /* NewViewController.swift */,
				3B1EA2411F6DFD700076A832 /* StampTeste.swift */,
				3B99BB6A1F6E889800F791D4 /* StartedViewController.swift */,
			);
			path = PhotoXF;
			sourceTree = "<group>";
		};
		3B6FC3601ED8126E00F37963 /* PhotoXFTests */ = {
			isa = PBXGroup;
			children = (
				3B6FC3611ED8126E00F37963 /* PhotoXFTests.swift */,
				3B6FC3631ED8126E00F37963 /* Info.plist */,
			);
			path = PhotoXFTests;
			sourceTree = "<group>";
		};
		3B6FC36B1ED8126E00F37963 /* PhotoXFUITests */ = {
			isa = PBXGroup;
			children = (
				3B6FC36C1ED8126E00F37963 /* PhotoXFUITests.swift */,
				3B6FC36E1ED8126E00F37963 /* Info.plist */,
			);
			path = PhotoXFUITests;
			sourceTree = "<group>";
		};
/* End PBXGroup section */

/* Begin PBXNativeTarget section */
		3B6FC3481ED8126D00F37963 /* PhotoXF */ = {
			isa = PBXNativeTarget;
			buildConfigurationList = 3B6FC3711ED8126E00F37963 /* Build configuration list for PBXNativeTarget "PhotoXF" */;
			buildPhases = (
				3B6FC3451ED8126D00F37963 /* Sources */,
				3B6FC3461ED8126D00F37963 /* Frameworks */,
				3B6FC3471ED8126D00F37963 /* Resources */,
			);
			buildRules = (
			);
			dependencies = (
			);
			name = PhotoXF;
			productName = PhotoXF;
			productReference = 3B6FC3491ED8126D00F37963 /* PhotoXF.app */;
			productType = "com.apple.product-type.application";
		};
		3B6FC35C1ED8126E00F37963 /* PhotoXFTests */ = {
			isa = PBXNativeTarget;
			buildConfigurationList = 3B6FC3741ED8126E00F37963 /* Build configuration list for PBXNativeTarget "PhotoXFTests" */;
			buildPhases = (
				3B6FC3591ED8126E00F37963 /* Sources */,
				3B6FC35A1ED8126E00F37963 /* Frameworks */,
				3B6FC35B1ED8126E00F37963 /* Resources */,
			);
			buildRules = (
			);
			dependencies = (
				3B6FC35F1ED8126E00F37963 /* PBXTargetDependency */,
			);
			name = PhotoXFTests;
			productName = PhotoXFTests;
			productReference = 3B6FC35D1ED8126E00F37963 /* PhotoXFTests.xctest */;
			productType = "com.apple.product-type.bundle.unit-test";
		};
		3B6FC3671ED8126E00F37963 /* PhotoXFUITests */ = {
			isa = PBXNativeTarget;
			buildConfigurationList = 3B6FC3771ED8126E00F37963 /* Build configuration list for PBXNativeTarget "PhotoXFUITests" */;
			buildPhases = (
				3B6FC3641ED8126E00F37963 /* Sources */,
				3B6FC3651ED8126E00F37963 /* Frameworks */,
				3B6FC3661ED8126E00F37963 /* Resources */,
			);
			buildRules = (
			);
			dependencies = (
				3B6FC36A1ED8126E00F37963 /* PBXTargetDependency */,
			);
			name = PhotoXFUITests;
			productName = PhotoXFUITests;
			productReference = 3B6FC3681ED8126E00F37963 /* PhotoXFUITests.xctest */;
			productType = "com.apple.product-type.bundle.ui-testing";
		};
/* End PBXNativeTarget section */

/* Begin PBXProject section */
		3B6FC3411ED8126D00F37963 /* Project object */ = {
			isa = PBXProject;
			attributes = {
				LastSwiftUpdateCheck = 0830;
				LastUpgradeCheck = 0900;
				ORGANIZATIONNAME = KOTARO;
				TargetAttributes = {
					3B6FC3481ED8126D00F37963 = {
						CreatedOnToolsVersion = 8.3.2;
						DevelopmentTeam = QCUSDZ23TE;
						LastSwiftMigration = 0900;
						ProvisioningStyle = Automatic;
					};
					3B6FC35C1ED8126E00F37963 = {
						CreatedOnToolsVersion = 8.3.2;
						DevelopmentTeam = QCUSDZ23TE;
						LastSwiftMigration = 0900;
						ProvisioningStyle = Automatic;
						TestTargetID = 3B6FC3481ED8126D00F37963;
					};
					3B6FC3671ED8126E00F37963 = {
						CreatedOnToolsVersion = 8.3.2;
						DevelopmentTeam = QCUSDZ23TE;
						LastSwiftMigration = 0900;
						ProvisioningStyle = Automatic;
						TestTargetID = 3B6FC3481ED8126D00F37963;
					};
				};
			};
			buildConfigurationList = 3B6FC3441ED8126D00F37963 /* Build configuration list for PBXProject "PhotoXF" */;
			compatibilityVersion = "Xcode 3.2";
			developmentRegion = English;
			hasScannedForEncodings = 0;
			knownRegions = (
				en,
				Base,
			);
			mainGroup = 3B6FC3401ED8126D00F37963;
			productRefGroup = 3B6FC34A1ED8126D00F37963 /* Products */;
			projectDirPath = "";
			projectRoot = "";
			targets = (
				3B6FC3481ED8126D00F37963 /* PhotoXF */,
				3B6FC35C1ED8126E00F37963 /* PhotoXFTests */,
				3B6FC3671ED8126E00F37963 /* PhotoXFUITests */,
			);
		};
/* End PBXProject section */

/* Begin PBXResourcesBuildPhase section */
		3B6FC3471ED8126D00F37963 /* Resources */ = {
			isa = PBXResourcesBuildPhase;
			buildActionMask = 2147483647;
			files = (
				3BDBFEFF1F6F59BD00F92898 /* 飛行機3.png in Resources */,
				3B19C6F21F6E781600E6C8B1 /* カーソル1.png in Resources */,
				3BDBFEF81F6F59BD00F92898 /* 人4.png in Resources */,
				3B22C6BE1F0A38E0009FADAC /* 幻覚.jpg in Resources */,
				3B22C6C11F0A38E0009FADAC /* 新聞画像.jpg in Resources */,
				3B19C6FF1F6E781600E6C8B1 /* メールボックス2.png in Resources */,
				3BCEAE3B1F6506600061C526 /* c7f06ee3.png in Resources */,
				3B19C6EF1F6E781600E6C8B1 /* メールボックス4.png in Resources */,
				3BDBFEFA1F6F59BD00F92898 /* 人6.png in Resources */,
				3BE480F01EE24D11002620CB /* くるくるEX.png in Resources */,
				3BDBFEFE1F6F59BD00F92898 /* 車椅子3.png in Resources */,
				3B7A611E1F6E2A720005A78A /* ハート2.png in Resources */,
				3B19C7011F6E781600E6C8B1 /* 禁止2.png in Resources */,
				3B22C6C41F0A38E0009FADAC /* 赤色.jpg in Resources */,
				3B19C6E81F6E781600E6C8B1 /* OK2.png in Resources */,
				3BCEAE3F1F650E250061C526 /* CamSD.png in Resources */,
				3B2AC0961EDA994E00B8E10B /* KIS.png in Resources */,
				3B19C6FB1F6E781600E6C8B1 /* メールボックス1.png in Resources */,
				3B22C6CA1F0A38E0009FADAC /* 緑反転.jpg in Resources */,
				3B2AC0971EDA994E00B8E10B /* キラキラ.png in Resources */,
				3B22C6BD1F0A38E0009FADAC /* 偽色.jpg in Resources */,
				3B19C6FE1F6E781600E6C8B1 /* ターゲット1.png in Resources */,
				3BDBFF021F6F59BD00F92898 /* 人2.png in Resources */,
				3B22C6BB1F0A38E0009FADAC /* 黄金.jpg in Resources */,
				3B22C6B91F0A38E0009FADAC /* 暗い.jpg in Resources */,
				3B22C6C61F0A38E0009FADAC /* 白黒.jpg in Resources */,
				3B22C6BF1F0A38E0009FADAC /* 暑い場所.jpg in Resources */,
				3B22C6BC1F0A38E0009FADAC /* 黄緑色.jpg in Resources */,
				3B19C6E91F6E781600E6C8B1 /* 思い出し2.png in Resources */,
				3B7A611B1F6E2A720005A78A /* 立ち入り禁止.png in Resources */,
				3BDBFF061F6F59BD00F92898 /* 飛行機2.png in Resources */,
				3B19C6E51F6E781600E6C8B1 /* ターゲット3.png in Resources */,
				3B22C6B61F0A38E0009FADAC /* セピア.jpg in Resources */,
				3B08CC771F6500DB00B2FFAD /* LAL.png in Resources */,
				3BCEAE391F6504920061C526 /* images.png in Resources */,
				3B19C6E71F6E781600E6C8B1 /* 禁止3.png in Resources */,
				3B19C6F61F6E781600E6C8B1 /* 傘3.png in Resources */,
				3B2AC0991EDA994E00B8E10B /* 電球.png in Resources */,
				3B22C6C31F0A38E0009FADAC /* 青色.jpg in Resources */,
				3B19C6FC1F6E781600E6C8B1 /* 禁止1.png in Resources */,
				3B19C6EE1F6E781600E6C8B1 /* メールボックス3.png in Resources */,
				3BDBFEF11F6F59BD00F92898 /* 水泳2.png in Resources */,
				3B4EE8E31EE2969E00AE42B1 /* 頭悪い.png in Resources */,
				3B19C6ED1F6E781600E6C8B1 /* はさみ1.png in Resources */,
				3BDBFEF01F6F59BD00F92898 /* 水泳1.png in Resources */,
				3B19C7001F6E781600E6C8B1 /* 音符1.png in Resources */,
				3B19C6FD1F6E781600E6C8B1 /* OK3.png in Resources */,
				3B19C6EA1F6E781600E6C8B1 /* 音符2.png in Resources */,
				3B22C6C81F0A38E0009FADAC /* 反転.jpg in Resources */,
				3BDBFF041F6F59BD00F92898 /* フィルム3.png in Resources */,
				3B22C6B71F0A38E0009FADAC /* ピンク色.jpg in Resources */,
				3B19C6F91F6E781600E6C8B1 /* カーソル3.png in Resources */,
				3B6FC3571ED8126E00F37963 /* LaunchScreen.storyboard in Resources */,
				3B19C6F31F6E781600E6C8B1 /* カーソル2.png in Resources */,
				3BDBFEFC1F6F59BD00F92898 /* フィルム2.png in Resources */,
				3B19C6EB1F6E781600E6C8B1 /* 音符3.png in Resources */,
				3B4EE8E41EE2969E00AE42B1 /* 雷.png in Resources */,
				3B22C6BA1F0A38E0009FADAC /* 液晶破損.jpg in Resources */,
				3B08CC751F64FF2300B2FFAD /* Copy.png in Resources */,
				3BDBFF071F6F59BD00F92898 /* 対処.png in Resources */,
				3B19C6EC1F6E781600E6C8B1 /* 音符4.png in Resources */,
				3B2AC0951EDA994E00B8E10B /* kemuri.png in Resources */,
				3B22C6B81F0A38E0009FADAC /* ブラー.jpg in Resources */,
				3BC39B751F64EAF900A9C8B0 /* 1179.png in Resources */,
				3B19C6E41F6E781600E6C8B1 /* ターゲット2.png in Resources */,
				3B2AC09B1EDA996C00B8E10B /* ブラックスクリーン.png in Resources */,
				3B22C6C91F0A38E0009FADAC /* 明るい.jpg in Resources */,
				3BDBFF081F6F59BD00F92898 /* お守り.png in Resources */,
				3BDBFEFB1F6F59BD00F92898 /* 地球1.png in Resources */,
				3BDBFF051F6F59BD00F92898 /* 飛行機1.png in Resources */,
				3B19C6F11F6E781600E6C8B1 /* 音符5.png in Resources */,
				3BDBFEF91F6F59BD00F92898 /* 人5.png in Resources */,
				3B8746F01F6D5EB300BEC9BF /* DNS.png in Resources */,
				3B19C6E61F6E781600E6C8B1 /* 思い出し1.png in Resources */,
				3B2AC0921EDA994E00B8E10B /* hatena.png in Resources */,
				3B2AC0981EDA994E00B8E10B /* ビックリマーク.png in Resources */,
				3BBACB8E1F488247004468B5 /* icon.png in Resources */,
				3B19C6F71F6E781600E6C8B1 /* 傘4.png in Resources */,
				3B19C6F51F6E781600E6C8B1 /* 傘2.png in Resources */,
				3B6FC3541ED8126E00F37963 /* Assets.xcassets in Resources */,
				3B19C6F41F6E781600E6C8B1 /* 傘1.png in Resources */,
				3B36E3211F248417008F8DA6 /* ImagePicture.png in Resources */,
				3BDBFF011F6F59BD00F92898 /* 人1.png in Resources */,
				3B9F559A1EE26AA200D3B9A0 /* IMGA0004.png in Resources */,
				3B6FC3521ED8126D00F37963 /* Main.storyboard in Resources */,
				3BC388A91F0CDC77006C782C /* kibana.png in Resources */,
				3BDBFEF41F6F59BD00F92898 /* Camera.png in Resources */,
				3BDBFF001F6F59BD00F92898 /* 車椅子1.png in Resources */,
				3B2AC0941EDA994E00B8E10B /* honou.png in Resources */,
				3BDBFEF71F6F59BD00F92898 /* 人3.png in Resources */,
				3B47C2701EFFABC60072EC4D /* rainbow.png in Resources */,
				3B19C7031F6E829200E6C8B1 /* Fill.png in Resources */,
				3BDBFEF21F6F59BD00F92898 /* 地球3.png in Resources */,
				3B22C6C01F0A38E0009FADAC /* 色彩増加.jpg in Resources */,
				3BDBFEF31F6F59BD00F92898 /* 地球4.png in Resources */,
				3B48D3781F0A3E9E00528087 /* hukidasi.png in Resources */,
				3B22C6C21F0A38E0009FADAC /* 真っ赤な絵.jpg in Resources */,
				3B19C6FA1F6E781600E6C8B1 /* はさみ2.png in Resources */,
				3B7A611C1F6E2A720005A78A /* ハート1.png in Resources */,
				3B7A611D1F6E2A720005A78A /* 時計.png in Resources */,
				3BDBFEF51F6F59BD00F92898 /* 水泳3.png in Resources */,
				3BDBFEF61F6F59BD00F92898 /* フィルム1.png in Resources */,
				3B48D3761F0A3E9E00528087 /* Yazirusi.png in Resources */,
				3BCEAE3D1F650AB00061C526 /* aajs.png in Resources */,
				3B7A611F1F6E2A720005A78A /* 星二つ.png in Resources */,
				3B19C6F81F6E781600E6C8B1 /* OK21.png in Resources */,
				3B19C6F01F6E781600E6C8B1 /* リサイクルしよう.png in Resources */,
				3B22C6B51F0A38E0009FADAC /* ガラパゴス.jpg in Resources */,
				3B22C6C71F0A38E0009FADAC /* 白黒反転.jpg in Resources */,
				3B48D3701F0A3B4800528087 /* gaggagagag.png in Resources */,
				3BDBFEFD1F6F59BD00F92898 /* 車椅子2.png in Resources */,
				3BC388AD1F0CDC80006C782C /* 星一つ.png in Resources */,
				3BDBFF031F6F59BD00F92898 /* 地球2.png in Resources */,
				3B2AC0931EDA994E00B8E10B /* hibi.png in Resources */,
				3B22C6C51F0A38E0009FADAC /* 素朴.jpg in Resources */,
			);
			runOnlyForDeploymentPostprocessing = 0;
		};
		3B6FC35B1ED8126E00F37963 /* Resources */ = {
			isa = PBXResourcesBuildPhase;
			buildActionMask = 2147483647;
			files = (
			);
			runOnlyForDeploymentPostprocessing = 0;
		};
		3B6FC3661ED8126E00F37963 /* Resources */ = {
			isa = PBXResourcesBuildPhase;
			buildActionMask = 2147483647;
			files = (
			);
			runOnlyForDeploymentPostprocessing = 0;
		};
/* End PBXResourcesBuildPhase section */

/* Begin PBXSourcesBuildPhase section */
		3B6FC3451ED8126D00F37963 /* Sources */ = {
			isa = PBXSourcesBuildPhase;
			buildActionMask = 2147483647;
			files = (
				3B7D5E631F5A8B38006779FD /* AKASViewController.swift in Sources */,
				3B6FC34F1ED8126D00F37963 /* ViewController.swift in Sources */,
				3B47C26E1EFFA5E10072EC4D /* CityViewController.swift in Sources */,
				3B1EA2401F6DD6CA0076A832 /* StampViewController.swift in Sources */,
				3B8746F21F6D628D00BEC9BF /* NewViewController.swift in Sources */,
				3BE2787A1EDAC807008E31A9 /* NextViewController.swift in Sources */,
				3B99BB6B1F6E889800F791D4 /* StartedViewController.swift in Sources */,
				3BBA187B1EDA953600500632 /* Button_ViewController.swift in Sources */,
				3B1EA2421F6DFD700076A832 /* StampTeste.swift in Sources */,
				3BC39B731F64E53E00A9C8B0 /* SKViewController.swift in Sources */,
				3B6FC34D1ED8126D00F37963 /* AppDelegate.swift in Sources */,
			);
			runOnlyForDeploymentPostprocessing = 0;
		};
		3B6FC3591ED8126E00F37963 /* Sources */ = {
			isa = PBXSourcesBuildPhase;
			buildActionMask = 2147483647;
			files = (
				3B6FC3621ED8126E00F37963 /* PhotoXFTests.swift in Sources */,
			);
			runOnlyForDeploymentPostprocessing = 0;
		};
		3B6FC3641ED8126E00F37963 /* Sources */ = {
			isa = PBXSourcesBuildPhase;
			buildActionMask = 2147483647;
			files = (
				3B6FC36D1ED8126E00F37963 /* PhotoXFUITests.swift in Sources */,
			);
			runOnlyForDeploymentPostprocessing = 0;
		};
/* End PBXSourcesBuildPhase section */

/* Begin PBXTargetDependency section */
		3B6FC35F1ED8126E00F37963 /* PBXTargetDependency */ = {
			isa = PBXTargetDependency;
			target = 3B6FC3481ED8126D00F37963 /* PhotoXF */;
			targetProxy = 3B6FC35E1ED8126E00F37963 /* PBXContainerItemProxy */;
		};
		3B6FC36A1ED8126E00F37963 /* PBXTargetDependency */ = {
			isa = PBXTargetDependency;
			target = 3B6FC3481ED8126D00F37963 /* PhotoXF */;
			targetProxy = 3B6FC3691ED8126E00F37963 /* PBXContainerItemProxy */;
		};
/* End PBXTargetDependency section */

/* Begin PBXVariantGroup section */
		3B6FC3501ED8126D00F37963 /* Main.storyboard */ = {
			isa = PBXVariantGroup;
			children = (
				3B6FC3511ED8126D00F37963 /* Base */,
			);
			name = Main.storyboard;
			sourceTree = "<group>";
		};
		3B6FC3551ED8126E00F37963 /* LaunchScreen.storyboard */ = {
			isa = PBXVariantGroup;
			children = (
				3B6FC3561ED8126E00F37963 /* Base */,
			);
			name = LaunchScreen.storyboard;
			sourceTree = "<group>";
		};
/* End PBXVariantGroup section */

/* Begin XCBuildConfiguration section */
		3B6FC36F1ED8126E00F37963 /* Debug */ = {
			isa = XCBuildConfiguration;
			buildSettings = {
				ALWAYS_SEARCH_USER_PATHS = NO;
				CLANG_ANALYZER_NONNULL = YES;
				CLANG_ANALYZER_NUMBER_OBJECT_CONVERSION = YES_AGGRESSIVE;
				CLANG_CXX_LANGUAGE_STANDARD = "gnu++0x";
				CLANG_CXX_LIBRARY = "libc++";
				CLANG_ENABLE_MODULES = YES;
				CLANG_ENABLE_OBJC_ARC = YES;
				CLANG_WARN_BLOCK_CAPTURE_AUTORELEASING = YES;
				CLANG_WARN_BOOL_CONVERSION = YES;
				CLANG_WARN_COMMA = YES;
				CLANG_WARN_CONSTANT_CONVERSION = YES;
				CLANG_WARN_DIRECT_OBJC_ISA_USAGE = YES_ERROR;
				CLANG_WARN_DOCUMENTATION_COMMENTS = YES;
				CLANG_WARN_EMPTY_BODY = YES;
				CLANG_WARN_ENUM_CONVERSION = YES;
				CLANG_WARN_INFINITE_RECURSION = YES;
				CLANG_WARN_INT_CONVERSION = YES;
				CLANG_WARN_NON_LITERAL_NULL_CONVERSION = YES;
				CLANG_WARN_OBJC_LITERAL_CONVERSION = YES;
				CLANG_WARN_OBJC_ROOT_CLASS = YES_ERROR;
				CLANG_WARN_RANGE_LOOP_ANALYSIS = YES;
				CLANG_WARN_STRICT_PROTOTYPES = YES;
				CLANG_WARN_SUSPICIOUS_MOVE = YES;
				CLANG_WARN_UNREACHABLE_CODE = YES;
				CLANG_WARN__DUPLICATE_METHOD_MATCH = YES;
				"CODE_SIGN_IDENTITY[sdk=iphoneos*]" = "iPhone Developer";
				COPY_PHASE_STRIP = NO;
				DEBUG_INFORMATION_FORMAT = dwarf;
				ENABLE_STRICT_OBJC_MSGSEND = YES;
				ENABLE_TESTABILITY = YES;
				GCC_C_LANGUAGE_STANDARD = gnu99;
				GCC_DYNAMIC_NO_PIC = NO;
				GCC_NO_COMMON_BLOCKS = YES;
				GCC_OPTIMIZATION_LEVEL = 0;
				GCC_PREPROCESSOR_DEFINITIONS = (
					"DEBUG=1",
					"$(inherited)",
				);
				GCC_WARN_64_TO_32_BIT_CONVERSION = YES;
				GCC_WARN_ABOUT_RETURN_TYPE = YES_ERROR;
				GCC_WARN_UNDECLARED_SELECTOR = YES;
				GCC_WARN_UNINITIALIZED_AUTOS = YES_AGGRESSIVE;
				GCC_WARN_UNUSED_FUNCTION = YES;
				GCC_WARN_UNUSED_VARIABLE = YES;
				IPHONEOS_DEPLOYMENT_TARGET = 10.3;
				MTL_ENABLE_DEBUG_INFO = YES;
				ONLY_ACTIVE_ARCH = YES;
				SDKROOT = iphoneos;
				SWIFT_ACTIVE_COMPILATION_CONDITIONS = DEBUG;
				SWIFT_OPTIMIZATION_LEVEL = "-Onone";
			};
			name = Debug;
		};
		3B6FC3701ED8126E00F37963 /* Release */ = {
			isa = XCBuildConfiguration;
			buildSettings = {
				ALWAYS_SEARCH_USER_PATHS = NO;
				CLANG_ANALYZER_NONNULL = YES;
				CLANG_ANALYZER_NUMBER_OBJECT_CONVERSION = YES_AGGRESSIVE;
				CLANG_CXX_LANGUAGE_STANDARD = "gnu++0x";
				CLANG_CXX_LIBRARY = "libc++";
				CLANG_ENABLE_MODULES = YES;
				CLANG_ENABLE_OBJC_ARC = YES;
				CLANG_WARN_BLOCK_CAPTURE_AUTORELEASING = YES;
				CLANG_WARN_BOOL_CONVERSION = YES;
				CLANG_WARN_COMMA = YES;
				CLANG_WARN_CONSTANT_CONVERSION = YES;
				CLANG_WARN_DIRECT_OBJC_ISA_USAGE = YES_ERROR;
				CLANG_WARN_DOCUMENTATION_COMMENTS = YES;
				CLANG_WARN_EMPTY_BODY = YES;
				CLANG_WARN_ENUM_CONVERSION = YES;
				CLANG_WARN_INFINITE_RECURSION = YES;
				CLANG_WARN_INT_CONVERSION = YES;
				CLANG_WARN_NON_LITERAL_NULL_CONVERSION = YES;
				CLANG_WARN_OBJC_LITERAL_CONVERSION = YES;
				CLANG_WARN_OBJC_ROOT_CLASS = YES_ERROR;
				CLANG_WARN_RANGE_LOOP_ANALYSIS = YES;
				CLANG_WARN_STRICT_PROTOTYPES = YES;
				CLANG_WARN_SUSPICIOUS_MOVE = YES;
				CLANG_WARN_UNREACHABLE_CODE = YES;
				CLANG_WARN__DUPLICATE_METHOD_MATCH = YES;
				"CODE_SIGN_IDENTITY[sdk=iphoneos*]" = "iPhone Developer";
				COPY_PHASE_STRIP = NO;
				DEBUG_INFORMATION_FORMAT = "dwarf-with-dsym";
				ENABLE_NS_ASSERTIONS = NO;
				ENABLE_STRICT_OBJC_MSGSEND = YES;
				GCC_C_LANGUAGE_STANDARD = gnu99;
				GCC_NO_COMMON_BLOCKS = YES;
				GCC_WARN_64_TO_32_BIT_CONVERSION = YES;
				GCC_WARN_ABOUT_RETURN_TYPE = YES_ERROR;
				GCC_WARN_UNDECLARED_SELECTOR = YES;
				GCC_WARN_UNINITIALIZED_AUTOS = YES_AGGRESSIVE;
				GCC_WARN_UNUSED_FUNCTION = YES;
				GCC_WARN_UNUSED_VARIABLE = YES;
				IPHONEOS_DEPLOYMENT_TARGET = 10.3;
				MTL_ENABLE_DEBUG_INFO = NO;
				SDKROOT = iphoneos;
				SWIFT_OPTIMIZATION_LEVEL = "-Owholemodule";
				VALIDATE_PRODUCT = YES;
			};
			name = Release;
		};
		3B6FC3721ED8126E00F37963 /* Debug */ = {
			isa = XCBuildConfiguration;
			buildSettings = {
				ASSETCATALOG_COMPILER_APPICON_NAME = AppIcon;
				CLANG_ENABLE_MODULES = YES;
				DEVELOPMENT_TEAM = QCUSDZ23TE;
				INFOPLIST_FILE = PhotoXF/Info.plist;
				IPHONEOS_DEPLOYMENT_TARGET = 8.0;
				LD_RUNPATH_SEARCH_PATHS = "$(inherited) @executable_path/Frameworks";
				PRODUCT_BUNDLE_IDENTIFIER = TOMATO24SAUCE.PhotoXF;
				PRODUCT_NAME = "$(TARGET_NAME)";
				SWIFT_OPTIMIZATION_LEVEL = "-Onone";
				SWIFT_SWIFT3_OBJC_INFERENCE = On;
				SWIFT_VERSION = 4.0;
				TARGETED_DEVICE_FAMILY = 1;
			};
			name = Debug;
		};
		3B6FC3731ED8126E00F37963 /* Release */ = {
			isa = XCBuildConfiguration;
			buildSettings = {
				ASSETCATALOG_COMPILER_APPICON_NAME = AppIcon;
				CLANG_ENABLE_MODULES = YES;
				DEVELOPMENT_TEAM = QCUSDZ23TE;
				INFOPLIST_FILE = PhotoXF/Info.plist;
				IPHONEOS_DEPLOYMENT_TARGET = 8.0;
				LD_RUNPATH_SEARCH_PATHS = "$(inherited) @executable_path/Frameworks";
				PRODUCT_BUNDLE_IDENTIFIER = TOMATO24SAUCE.PhotoXF;
				PRODUCT_NAME = "$(TARGET_NAME)";
				SWIFT_SWIFT3_OBJC_INFERENCE = On;
				SWIFT_VERSION = 4.0;
				TARGETED_DEVICE_FAMILY = 1;
			};
			name = Release;
		};
		3B6FC3751ED8126E00F37963 /* Debug */ = {
			isa = XCBuildConfiguration;
			buildSettings = {
				ALWAYS_EMBED_SWIFT_STANDARD_LIBRARIES = YES;
				BUNDLE_LOADER = "$(TEST_HOST)";
				DEVELOPMENT_TEAM = QCUSDZ23TE;
				INFOPLIST_FILE = PhotoXFTests/Info.plist;
				LD_RUNPATH_SEARCH_PATHS = "$(inherited) @executable_path/Frameworks @loader_path/Frameworks";
				PRODUCT_BUNDLE_IDENTIFIER = TOMATO24SAUCE.PhotoXFTests;
				PRODUCT_NAME = "$(TARGET_NAME)";
				SWIFT_SWIFT3_OBJC_INFERENCE = On;
				SWIFT_VERSION = 4.0;
				TEST_HOST = "$(BUILT_PRODUCTS_DIR)/PhotoXF.app/PhotoXF";
			};
			name = Debug;
		};
		3B6FC3761ED8126E00F37963 /* Release */ = {
			isa = XCBuildConfiguration;
			buildSettings = {
				ALWAYS_EMBED_SWIFT_STANDARD_LIBRARIES = YES;
				BUNDLE_LOADER = "$(TEST_HOST)";
				DEVELOPMENT_TEAM = QCUSDZ23TE;
				INFOPLIST_FILE = PhotoXFTests/Info.plist;
				LD_RUNPATH_SEARCH_PATHS = "$(inherited) @executable_path/Frameworks @loader_path/Frameworks";
				PRODUCT_BUNDLE_IDENTIFIER = TOMATO24SAUCE.PhotoXFTests;
				PRODUCT_NAME = "$(TARGET_NAME)";
				SWIFT_SWIFT3_OBJC_INFERENCE = On;
				SWIFT_VERSION = 4.0;
				TEST_HOST = "$(BUILT_PRODUCTS_DIR)/PhotoXF.app/PhotoXF";
			};
			name = Release;
		};
		3B6FC3781ED8126E00F37963 /* Debug */ = {
			isa = XCBuildConfiguration;
			buildSettings = {
				ALWAYS_EMBED_SWIFT_STANDARD_LIBRARIES = YES;
				DEVELOPMENT_TEAM = QCUSDZ23TE;
				INFOPLIST_FILE = PhotoXFUITests/Info.plist;
				LD_RUNPATH_SEARCH_PATHS = "$(inherited) @executable_path/Frameworks @loader_path/Frameworks";
				PRODUCT_BUNDLE_IDENTIFIER = TOMATO24SAUCE.PhotoXFUITests;
				PRODUCT_NAME = "$(TARGET_NAME)";
				SWIFT_SWIFT3_OBJC_INFERENCE = On;
				SWIFT_VERSION = 4.0;
				TEST_TARGET_NAME = PhotoXF;
			};
			name = Debug;
		};
		3B6FC3791ED8126E00F37963 /* Release */ = {
			isa = XCBuildConfiguration;
			buildSettings = {
				ALWAYS_EMBED_SWIFT_STANDARD_LIBRARIES = YES;
				DEVELOPMENT_TEAM = QCUSDZ23TE;
				INFOPLIST_FILE = PhotoXFUITests/Info.plist;
				LD_RUNPATH_SEARCH_PATHS = "$(inherited) @executable_path/Frameworks @loader_path/Frameworks";
				PRODUCT_BUNDLE_IDENTIFIER = TOMATO24SAUCE.PhotoXFUITests;
				PRODUCT_NAME = "$(TARGET_NAME)";
				SWIFT_SWIFT3_OBJC_INFERENCE = On;
				SWIFT_VERSION = 4.0;
				TEST_TARGET_NAME = PhotoXF;
			};
			name = Release;
		};
/* End XCBuildConfiguration section */

/* Begin XCConfigurationList section */
		3B6FC3441ED8126D00F37963 /* Build configuration list for PBXProject "PhotoXF" */ = {
			isa = XCConfigurationList;
			buildConfigurations = (
				3B6FC36F1ED8126E00F37963 /* Debug */,
				3B6FC3701ED8126E00F37963 /* Release */,
			);
			defaultConfigurationIsVisible = 0;
			defaultConfigurationName = Release;
		};
		3B6FC3711ED8126E00F37963 /* Build configuration list for PBXNativeTarget "PhotoXF" */ = {
			isa = XCConfigurationList;
			buildConfigurations = (
				3B6FC3721ED8126E00F37963 /* Debug */,
				3B6FC3731ED8126E00F37963 /* Release */,
			);
			defaultConfigurationIsVisible = 0;
			defaultConfigurationName = Release;
		};
		3B6FC3741ED8126E00F37963 /* Build configuration list for PBXNativeTarget "PhotoXFTests" */ = {
			isa = XCConfigurationList;
			buildConfigurations = (
				3B6FC3751ED8126E00F37963 /* Debug */,
				3B6FC3761ED8126E00F37963 /* Release */,
			);
			defaultConfigurationIsVisible = 0;
			defaultConfigurationName = Release;
		};
		3B6FC3771ED8126E00F37963 /* Build configuration list for PBXNativeTarget "PhotoXFUITests" */ = {
			isa = XCConfigurationList;
			buildConfigurations = (
				3B6FC3781ED8126E00F37963 /* Debug */,
				3B6FC3791ED8126E00F37963 /* Release */,
			);
			defaultConfigurationIsVisible = 0;
			defaultConfigurationName = Release;
		};
/* End XCConfigurationList section */
	};
	rootObject = 3B6FC3411ED8126D00F37963 /* Project object */;
}
